// !$*UTF8*$!
{
	archiveVersion = 1;
	classes = {
	};
	objectVersion = 56;
	objects = {

/* Begin PBXBuildFile section */
		6E08B5972944FB4400D6F85D /* ThemeContent.swift in Sources */ = {isa = PBXBuildFile; fileRef = 6E08B5962944FB4400D6F85D /* ThemeContent.swift */; };
		6E08B5992945059600D6F85D /* DefaultThemes.swift in Sources */ = {isa = PBXBuildFile; fileRef = 6E08B5982945059600D6F85D /* DefaultThemes.swift */; };
		6E1D5C9F296C114E006492E8 /* Cardify.swift in Sources */ = {isa = PBXBuildFile; fileRef = 6E1D5C9E296C114E006492E8 /* Cardify.swift */; };
		6E25F128293B9EE700AF25D4 /* FirstAppApp.swift in Sources */ = {isa = PBXBuildFile; fileRef = 6E25F127293B9EE700AF25D4 /* FirstAppApp.swift */; };
		6E25F12A293B9EE700AF25D4 /* ContentView.swift in Sources */ = {isa = PBXBuildFile; fileRef = 6E25F129293B9EE700AF25D4 /* ContentView.swift */; };
		6E25F12C293B9EE800AF25D4 /* Assets.xcassets in Resources */ = {isa = PBXBuildFile; fileRef = 6E25F12B293B9EE800AF25D4 /* Assets.xcassets */; };
		6E25F12F293B9EE800AF25D4 /* Preview Assets.xcassets in Resources */ = {isa = PBXBuildFile; fileRef = 6E25F12E293B9EE800AF25D4 /* Preview Assets.xcassets */; };
		6E4131272942071C00A589B4 /* MemoryGame.swift in Sources */ = {isa = PBXBuildFile; fileRef = 6E4131262942071C00A589B4 /* MemoryGame.swift */; };
		6E41312929420DFB00A589B4 /* EmojiMemoryGame.swift in Sources */ = {isa = PBXBuildFile; fileRef = 6E41312829420DFB00A589B4 /* EmojiMemoryGame.swift */; };
		6EF8F6B929562B7100FBAAAD /* Theme.swift in Sources */ = {isa = PBXBuildFile; fileRef = 6EF8F6B829562B7100FBAAAD /* Theme.swift */; };
		6EF8F6BB2956475100FBAAAD /* Color+Extension.swift in Sources */ = {isa = PBXBuildFile; fileRef = 6EF8F6BA2956475100FBAAAD /* Color+Extension.swift */; };
		6EF8F6BD295FC76600FBAAAD /* AspectVGrid.swift in Sources */ = {isa = PBXBuildFile; fileRef = 6EF8F6BC295FC76600FBAAAD /* AspectVGrid.swift */; };
		6EF8F6C1295FE39E00FBAAAD /* ShapePie.swift in Sources */ = {isa = PBXBuildFile; fileRef = 6EF8F6C0295FE39E00FBAAAD /* ShapePie.swift */; };
/* End PBXBuildFile section */

/* Begin PBXFileReference section */
		6E08B5962944FB4400D6F85D /* ThemeContent.swift */ = {isa = PBXFileReference; lastKnownFileType = sourcecode.swift; path = ThemeContent.swift; sourceTree = "<group>"; };
		6E08B5982945059600D6F85D /* DefaultThemes.swift */ = {isa = PBXFileReference; lastKnownFileType = sourcecode.swift; path = DefaultThemes.swift; sourceTree = "<group>"; };
		6E1D5C9E296C114E006492E8 /* Cardify.swift */ = {isa = PBXFileReference; lastKnownFileType = sourcecode.swift; path = Cardify.swift; sourceTree = "<group>"; };
		6E25F124293B9EE700AF25D4 /* FirstApp.app */ = {isa = PBXFileReference; explicitFileType = wrapper.application; includeInIndex = 0; path = FirstApp.app; sourceTree = BUILT_PRODUCTS_DIR; };
		6E25F127293B9EE700AF25D4 /* FirstAppApp.swift */ = {isa = PBXFileReference; lastKnownFileType = sourcecode.swift; path = FirstAppApp.swift; sourceTree = "<group>"; };
		6E25F129293B9EE700AF25D4 /* ContentView.swift */ = {isa = PBXFileReference; lastKnownFileType = sourcecode.swift; path = ContentView.swift; sourceTree = "<group>"; };
		6E25F12B293B9EE800AF25D4 /* Assets.xcassets */ = {isa = PBXFileReference; lastKnownFileType = folder.assetcatalog; path = Assets.xcassets; sourceTree = "<group>"; };
		6E25F12E293B9EE800AF25D4 /* Preview Assets.xcassets */ = {isa = PBXFileReference; lastKnownFileType = folder.assetcatalog; path = "Preview Assets.xcassets"; sourceTree = "<group>"; };
		6E4131262942071C00A589B4 /* MemoryGame.swift */ = {isa = PBXFileReference; lastKnownFileType = sourcecode.swift; path = MemoryGame.swift; sourceTree = "<group>"; };
		6E41312829420DFB00A589B4 /* EmojiMemoryGame.swift */ = {isa = PBXFileReference; lastKnownFileType = sourcecode.swift; path = EmojiMemoryGame.swift; sourceTree = "<group>"; };
		6EF8F6B829562B7100FBAAAD /* Theme.swift */ = {isa = PBXFileReference; lastKnownFileType = sourcecode.swift; path = Theme.swift; sourceTree = "<group>"; };
		6EF8F6BA2956475100FBAAAD /* Color+Extension.swift */ = {isa = PBXFileReference; lastKnownFileType = sourcecode.swift; path = "Color+Extension.swift"; sourceTree = "<group>"; };
		6EF8F6BC295FC76600FBAAAD /* AspectVGrid.swift */ = {isa = PBXFileReference; lastKnownFileType = sourcecode.swift; path = AspectVGrid.swift; sourceTree = "<group>"; };
		6EF8F6C0295FE39E00FBAAAD /* ShapePie.swift */ = {isa = PBXFileReference; lastKnownFileType = sourcecode.swift; path = ShapePie.swift; sourceTree = "<group>"; };
/* End PBXFileReference section */

/* Begin PBXFrameworksBuildPhase section */
		6E25F121293B9EE700AF25D4 /* Frameworks */ = {
			isa = PBXFrameworksBuildPhase;
			buildActionMask = 2147483647;
			files = (
			);
			runOnlyForDeploymentPostprocessing = 0;
		};
/* End PBXFrameworksBuildPhase section */

/* Begin PBXGroup section */
		6E25F11B293B9EE700AF25D4 = {
			isa = PBXGroup;
			children = (
				6E25F126293B9EE700AF25D4 /* FirstApp */,
				6E25F125293B9EE700AF25D4 /* Products */,
			);
			sourceTree = "<group>";
		};
		6E25F125293B9EE700AF25D4 /* Products */ = {
			isa = PBXGroup;
			children = (
				6E25F124293B9EE700AF25D4 /* FirstApp.app */,
			);
			name = Products;
			sourceTree = "<group>";
		};
		6E25F126293B9EE700AF25D4 /* FirstApp */ = {
			isa = PBXGroup;
			children = (
				6E4131262942071C00A589B4 /* MemoryGame.swift */,
				6E41312829420DFB00A589B4 /* EmojiMemoryGame.swift */,
				6E25F129293B9EE700AF25D4 /* ContentView.swift */,
				6E1D5C9E296C114E006492E8 /* Cardify.swift */,
				6EF8F6C0295FE39E00FBAAAD /* ShapePie.swift */,
				6EF8F6BC295FC76600FBAAAD /* AspectVGrid.swift */,
				6EF8F6BA2956475100FBAAAD /* Color+Extension.swift */,
				6E25F127293B9EE700AF25D4 /* FirstAppApp.swift */,
				6E08B5962944FB4400D6F85D /* ThemeContent.swift */,
				6E08B5982945059600D6F85D /* DefaultThemes.swift */,
				6EF8F6B829562B7100FBAAAD /* Theme.swift */,
				6E25F12B293B9EE800AF25D4 /* Assets.xcassets */,
				6E25F12D293B9EE800AF25D4 /* Preview Content */,
			);
			path = FirstApp;
			sourceTree = "<group>";
		};
		6E25F12D293B9EE800AF25D4 /* Preview Content */ = {
			isa = PBXGroup;
			children = (
				6E25F12E293B9EE800AF25D4 /* Preview Assets.xcassets */,
			);
			path = "Preview Content";
			sourceTree = "<group>";
		};
/* End PBXGroup section */

/* Begin PBXNativeTarget section */
		6E25F123293B9EE700AF25D4 /* FirstApp */ = {
			isa = PBXNativeTarget;
			buildConfigurationList = 6E25F132293B9EE800AF25D4 /* Build configuration list for PBXNativeTarget "FirstApp" */;
			buildPhases = (
				6E25F120293B9EE700AF25D4 /* Sources */,
				6E25F121293B9EE700AF25D4 /* Frameworks */,
				6E25F122293B9EE700AF25D4 /* Resources */,
			);
			buildRules = (
			);
			dependencies = (
			);
			name = FirstApp;
			productName = FirstApp;
			productReference = 6E25F124293B9EE700AF25D4 /* FirstApp.app */;
			productType = "com.apple.product-type.application";
		};
/* End PBXNativeTarget section */

/* Begin PBXProject section */
		6E25F11C293B9EE700AF25D4 /* Project object */ = {
			isa = PBXProject;
			attributes = {
				BuildIndependentTargetsInParallel = 1;
				LastSwiftUpdateCheck = 1410;
				LastUpgradeCheck = 1410;
				TargetAttributes = {
					6E25F123293B9EE700AF25D4 = {
						CreatedOnToolsVersion = 14.1;
					};
				};
			};
			buildConfigurationList = 6E25F11F293B9EE700AF25D4 /* Build configuration list for PBXProject "FirstApp" */;
			compatibilityVersion = "Xcode 14.0";
			developmentRegion = en;
			hasScannedForEncodings = 0;
			knownRegions = (
				en,
				Base,
			);
			mainGroup = 6E25F11B293B9EE700AF25D4;
			productRefGroup = 6E25F125293B9EE700AF25D4 /* Products */;
			projectDirPath = "";
			projectRoot = "";
			targets = (
				6E25F123293B9EE700AF25D4 /* FirstApp */,
			);
		};
/* End PBXProject section */

/* Begin PBXResourcesBuildPhase section */
		6E25F122293B9EE700AF25D4 /* Resources */ = {
			isa = PBXResourcesBuildPhase;
			buildActionMask = 2147483647;
			files = (
				6E25F12F293B9EE800AF25D4 /* Preview Assets.xcassets in Resources */,
				6E25F12C293B9EE800AF25D4 /* Assets.xcassets in Resources */,
			);
			runOnlyForDeploymentPostprocessing = 0;
		};
/* End PBXResourcesBuildPhase section */

/* Begin PBXSourcesBuildPhase section */
		6E25F120293B9EE700AF25D4 /* Sources */ = {
			isa = PBXSourcesBuildPhase;
			buildActionMask = 2147483647;
			files = (
				6E1D5C9F296C114E006492E8 /* Cardify.swift in Sources */,
				6E4131272942071C00A589B4 /* MemoryGame.swift in Sources */,
				6E08B5992945059600D6F85D /* DefaultThemes.swift in Sources */,
				6E25F12A293B9EE700AF25D4 /* ContentView.swift in Sources */,
				6E25F128293B9EE700AF25D4 /* FirstAppApp.swift in Sources */,
				6E08B5972944FB4400D6F85D /* ThemeContent.swift in Sources */,
				6E41312929420DFB00A589B4 /* EmojiMemoryGame.swift in Sources */,
				6EF8F6B929562B7100FBAAAD /* Theme.swift in Sources */,
				6EF8F6BB2956475100FBAAAD /* Color+Extension.swift in Sources */,
				6EF8F6C1295FE39E00FBAAAD /* ShapePie.swift in Sources */,
				6EF8F6BD295FC76600FBAAAD /* AspectVGrid.swift in Sources */,
			);
			runOnlyForDeploymentPostprocessing = 0;
		};
/* End PBXSourcesBuildPhase section */

/* Begin XCBuildConfiguration section */
		6E25F130293B9EE800AF25D4 /* Debug */ = {
			isa = XCBuildConfiguration;
			buildSettings = {
				ALWAYS_SEARCH_USER_PATHS = NO;
				CLANG_ANALYZER_NONNULL = YES;
				CLANG_ANALYZER_NUMBER_OBJECT_CONVERSION = YES_AGGRESSIVE;
				CLANG_CXX_LANGUAGE_STANDARD = "gnu++20";
				CLANG_ENABLE_MODULES = YES;
				CLANG_ENABLE_OBJC_ARC = YES;
				CLANG_ENABLE_OBJC_WEAK = YES;
				CLANG_WARN_BLOCK_CAPTURE_AUTORELEASING = YES;
				CLANG_WARN_BOOL_CONVERSION = YES;
				CLANG_WARN_COMMA = YES;
				CLANG_WARN_CONSTANT_CONVERSION = YES;
				CLANG_WARN_DEPRECATED_OBJC_IMPLEMENTATIONS = YES;
				CLANG_WARN_DIRECT_OBJC_ISA_USAGE = YES_ERROR;
				CLANG_WARN_DOCUMENTATION_COMMENTS = YES;
				CLANG_WARN_EMPTY_BODY = YES;
				CLANG_WARN_ENUM_CONVERSION = YES;
				CLANG_WARN_INFINITE_RECURSION = YES;
				CLANG_WARN_INT_CONVERSION = YES;
				CLANG_WARN_NON_LITERAL_NULL_CONVERSION = YES;
				CLANG_WARN_OBJC_IMPLICIT_RETAIN_SELF = YES;
				CLANG_WARN_OBJC_LITERAL_CONVERSION = YES;
				CLANG_WARN_OBJC_ROOT_CLASS = YES_ERROR;
				CLANG_WARN_QUOTED_INCLUDE_IN_FRAMEWORK_HEADER = YES;
				CLANG_WARN_RANGE_LOOP_ANALYSIS = YES;
				CLANG_WARN_STRICT_PROTOTYPES = YES;
				CLANG_WARN_SUSPICIOUS_MOVE = YES;
				CLANG_WARN_UNGUARDED_AVAILABILITY = YES_AGGRESSIVE;
				CLANG_WARN_UNREACHABLE_CODE = YES;
				CLANG_WARN__DUPLICATE_METHOD_MATCH = YES;
				COPY_PHASE_STRIP = NO;
				DEBUG_INFORMATION_FORMAT = dwarf;
				ENABLE_STRICT_OBJC_MSGSEND = YES;
				ENABLE_TESTABILITY = YES;
				GCC_C_LANGUAGE_STANDARD = gnu11;
				GCC_DYNAMIC_NO_PIC = NO;
				GCC_NO_COMMON_BLOCKS = YES;
				GCC_OPTIMIZATION_LEVEL = 0;
				GCC_PREPROCESSOR_DEFINITIONS = (
					"DEBUG=1",
					"$(inherited)",
				);
				GCC_WARN_64_TO_32_BIT_CONVERSION = YES;
				GCC_WARN_ABOUT_RETURN_TYPE = YES_ERROR;
				GCC_WARN_UNDECLARED_SELECTOR = YES;
				GCC_WARN_UNINITIALIZED_AUTOS = YES_AGGRESSIVE;
				GCC_WARN_UNUSED_FUNCTION = YES;
				GCC_WARN_UNUSED_VARIABLE = YES;
				IPHONEOS_DEPLOYMENT_TARGET = 16.1;
				MTL_ENABLE_DEBUG_INFO = INCLUDE_SOURCE;
				MTL_FAST_MATH = YES;
				ONLY_ACTIVE_ARCH = YES;
				SDKROOT = iphoneos;
				SWIFT_ACTIVE_COMPILATION_CONDITIONS = DEBUG;
				SWIFT_OPTIMIZATION_LEVEL = "-Onone";
			};
			name = Debug;
		};
		6E25F131293B9EE800AF25D4 /* Release */ = {
			isa = XCBuildConfiguration;
			buildSettings = {
				ALWAYS_SEARCH_USER_PATHS = NO;
				CLANG_ANALYZER_NONNULL = YES;
				CLANG_ANALYZER_NUMBER_OBJECT_CONVERSION = YES_AGGRESSIVE;
				CLANG_CXX_LANGUAGE_STANDARD = "gnu++20";
				CLANG_ENABLE_MODULES = YES;
				CLANG_ENABLE_OBJC_ARC = YES;
				CLANG_ENABLE_OBJC_WEAK = YES;
				CLANG_WARN_BLOCK_CAPTURE_AUTORELEASING = YES;
				CLANG_WARN_BOOL_CONVERSION = YES;
				CLANG_WARN_COMMA = YES;
				CLANG_WARN_CONSTANT_CONVERSION = YES;
				CLANG_WARN_DEPRECATED_OBJC_IMPLEMENTATIONS = YES;
				CLANG_WARN_DIRECT_OBJC_ISA_USAGE = YES_ERROR;
				CLANG_WARN_DOCUMENTATION_COMMENTS = YES;
				CLANG_WARN_EMPTY_BODY = YES;
				CLANG_WARN_ENUM_CONVERSION = YES;
				CLANG_WARN_INFINITE_RECURSION = YES;
				CLANG_WARN_INT_CONVERSION = YES;
				CLANG_WARN_NON_LITERAL_NULL_CONVERSION = YES;
				CLANG_WARN_OBJC_IMPLICIT_RETAIN_SELF = YES;
				CLANG_WARN_OBJC_LITERAL_CONVERSION = YES;
				CLANG_WARN_OBJC_ROOT_CLASS = YES_ERROR;
				CLANG_WARN_QUOTED_INCLUDE_IN_FRAMEWORK_HEADER = YES;
				CLANG_WARN_RANGE_LOOP_ANALYSIS = YES;
				CLANG_WARN_STRICT_PROTOTYPES = YES;
				CLANG_WARN_SUSPICIOUS_MOVE = YES;
				CLANG_WARN_UNGUARDED_AVAILABILITY = YES_AGGRESSIVE;
				CLANG_WARN_UNREACHABLE_CODE = YES;
				CLANG_WARN__DUPLICATE_METHOD_MATCH = YES;
				COPY_PHASE_STRIP = NO;
				DEBUG_INFORMATION_FORMAT = "dwarf-with-dsym";
				ENABLE_NS_ASSERTIONS = NO;
				ENABLE_STRICT_OBJC_MSGSEND = YES;
				GCC_C_LANGUAGE_STANDARD = gnu11;
				GCC_NO_COMMON_BLOCKS = YES;
				GCC_WARN_64_TO_32_BIT_CONVERSION = YES;
				GCC_WARN_ABOUT_RETURN_TYPE = YES_ERROR;
				GCC_WARN_UNDECLARED_SELECTOR = YES;
				GCC_WARN_UNINITIALIZED_AUTOS = YES_AGGRESSIVE;
				GCC_WARN_UNUSED_FUNCTION = YES;
				GCC_WARN_UNUSED_VARIABLE = YES;
				IPHONEOS_DEPLOYMENT_TARGET = 16.1;
				MTL_ENABLE_DEBUG_INFO = NO;
				MTL_FAST_MATH = YES;
				SDKROOT = iphoneos;
				SWIFT_COMPILATION_MODE = wholemodule;
				SWIFT_OPTIMIZATION_LEVEL = "-O";
				VALIDATE_PRODUCT = YES;
			};
			name = Release;
		};
		6E25F133293B9EE800AF25D4 /* Debug */ = {
			isa = XCBuildConfiguration;
			buildSettings = {
				ASSETCATALOG_COMPILER_APPICON_NAME = AppIcon;
				ASSETCATALOG_COMPILER_GLOBAL_ACCENT_COLOR_NAME = AccentColor;
				CODE_SIGN_STYLE = Automatic;
				CURRENT_PROJECT_VERSION = 1;
				DEVELOPMENT_ASSET_PATHS = "\"FirstApp/Preview Content\"";
				DEVELOPMENT_TEAM = 73TR5VZD5V;
				ENABLE_PREVIEWS = YES;
				GENERATE_INFOPLIST_FILE = YES;
				INFOPLIST_KEY_UIApplicationSceneManifest_Generation = YES;
				INFOPLIST_KEY_UIApplicationSupportsIndirectInputEvents = YES;
				INFOPLIST_KEY_UILaunchScreen_Generation = YES;
				INFOPLIST_KEY_UISupportedInterfaceOrientations_iPad = "UIInterfaceOrientationPortrait UIInterfaceOrientationPortraitUpsideDown UIInterfaceOrientationLandscapeLeft UIInterfaceOrientationLandscapeRight";
				INFOPLIST_KEY_UISupportedInterfaceOrientations_iPhone = "UIInterfaceOrientationPortrait UIInterfaceOrientationLandscapeLeft UIInterfaceOrientationLandscapeRight";
				IPHONEOS_DEPLOYMENT_TARGET = 16.0;
				LD_RUNPATH_SEARCH_PATHS = (
					"$(inherited)",
					"@executable_path/Frameworks",
				);
				MARKETING_VERSION = 1.0;
				PRODUCT_BUNDLE_IDENTIFIER = edu.stanford.cs193p.likhomanovaea.FirstApp;
				PRODUCT_NAME = "$(TARGET_NAME)";
				SWIFT_EMIT_LOC_STRINGS = YES;
				SWIFT_VERSION = 5.0;
				TARGETED_DEVICE_FAMILY = "1,2";
			};
			name = Debug;
		};
		6E25F134293B9EE800AF25D4 /* Release */ = {
			isa = XCBuildConfiguration;
			buildSettings = {
				ASSETCATALOG_COMPILER_APPICON_NAME = AppIcon;
				ASSETCATALOG_COMPILER_GLOBAL_ACCENT_COLOR_NAME = AccentColor;
				CODE_SIGN_STYLE = Automatic;
				CURRENT_PROJECT_VERSION = 1;
				DEVELOPMENT_ASSET_PATHS = "\"FirstApp/Preview Content\"";
				DEVELOPMENT_TEAM = 73TR5VZD5V;
				ENABLE_PREVIEWS = YES;
				GENERATE_INFOPLIST_FILE = YES;
				INFOPLIST_KEY_UIApplicationSceneManifest_Generation = YES;
				INFOPLIST_KEY_UIApplicationSupportsIndirectInputEvents = YES;
				INFOPLIST_KEY_UILaunchScreen_Generation = YES;
				INFOPLIST_KEY_UISupportedInterfaceOrientations_iPad = "UIInterfaceOrientationPortrait UIInterfaceOrientationPortraitUpsideDown UIInterfaceOrientationLandscapeLeft UIInterfaceOrientationLandscapeRight";
				INFOPLIST_KEY_UISupportedInterfaceOrientations_iPhone = "UIInterfaceOrientationPortrait UIInterfaceOrientationLandscapeLeft UIInterfaceOrientationLandscapeRight";
				IPHONEOS_DEPLOYMENT_TARGET = 16.0;
				LD_RUNPATH_SEARCH_PATHS = (
					"$(inherited)",
					"@executable_path/Frameworks",
				);
				MARKETING_VERSION = 1.0;
				PRODUCT_BUNDLE_IDENTIFIER = edu.stanford.cs193p.likhomanovaea.FirstApp;
				PRODUCT_NAME = "$(TARGET_NAME)";
				SWIFT_EMIT_LOC_STRINGS = YES;
				SWIFT_VERSION = 5.0;
				TARGETED_DEVICE_FAMILY = "1,2";
			};
			name = Release;
		};
/* End XCBuildConfiguration section */

/* Begin XCConfigurationList section */
		6E25F11F293B9EE700AF25D4 /* Build configuration list for PBXProject "FirstApp" */ = {
			isa = XCConfigurationList;
			buildConfigurations = (
				6E25F130293B9EE800AF25D4 /* Debug */,
				6E25F131293B9EE800AF25D4 /* Release */,
			);
			defaultConfigurationIsVisible = 0;
			defaultConfigurationName = Release;
		};
		6E25F132293B9EE800AF25D4 /* Build configuration list for PBXNativeTarget "FirstApp" */ = {
			isa = XCConfigurationList;
			buildConfigurations = (
				6E25F133293B9EE800AF25D4 /* Debug */,
				6E25F134293B9EE800AF25D4 /* Release */,
			);
			defaultConfigurationIsVisible = 0;
			defaultConfigurationName = Release;
		};
/* End XCConfigurationList section */
	};
	rootObject = 6E25F11C293B9EE700AF25D4 /* Project object */;
}
